
Microsoft Visual Studio Solution File, Format Version 12.00
# Visual Studio Version 17
VisualStudioVersion = 17.10.35004.147
MinimumVisualStudioVersion = 10.0.40219.1
Project("{FAE04EC0-301F-11D3-BF4B-00C04F79EFBC}") = "ChatBotWhatsAppAPI", "ChatBotWhatsAppAPI\ChatBotWhatsAppAPI.csproj", "{7ABC4FF7-FAE0-4627-84B4-3DE135C37E1A}"
EndProject
Global
	GlobalSection(SolutionConfigurationPlatforms) = preSolution
		Debug|Any CPU = Debug|Any CPU
		Release|Any CPU = Release|Any CPU
	EndGlobalSection
	GlobalSection(ProjectConfigurationPlatforms) = postSolution
		{7ABC4FF7-FAE0-4627-84B4-3DE135C37E1A}.Debug|Any CPU.ActiveCfg = Debug|Any CPU
		{7ABC4FF7-FAE0-4627-84B4-3DE135C37E1A}.Debug|Any CPU.Build.0 = Debug|Any CPU
		{7ABC4FF7-FAE0-4627-84B4-3DE135C37E1A}.Release|Any CPU.ActiveCfg = Release|Any CPU
		{7ABC4FF7-FAE0-4627-84B4-3DE135C37E1A}.Release|Any CPU.Build.0 = Release|Any CPU
	EndGlobalSection
	GlobalSection(SolutionProperties) = preSolution
		HideSolutionNode = FALSE
	EndGlobalSection
	GlobalSection(ExtensibilityGlobals) = postSolution
		SolutionGuid = {F9C8C035-BFD1-4819-8802-6F5AB201699C}
	EndGlobalSection
EndGlobal
